PODS:
  - IQKeyboardManagerSwift (6.5.16)
  - R.swift (7.6.0)
  - Reusable (4.1.2):
    - Reusable/Storyboard (= 4.1.2)
    - Reusable/View (= 4.1.2)
  - Reusable/Storyboard (4.1.2)
  - Reusable/View (4.1.2)
  - SFBase (0.1.0):
    - Then (~> 3.0.0)
  - SFExtension (0.1.0)
  - SFLogger (0.1.0):
    - SwiftyBeaver
  - SFUI (0.1.0):
    - IQKeyboardManagerSwift (~> 6.5.16)
    - R.swift
    - Reusable (~> 4.1.2)
    - SFBase (~> 0.1.0)
    - SFExtension (~> 0.1.0)
    - SFLogger (~> 0.1.0)
    - SnapKit (~> 5.6.0)
    - SnapKitExtend (~> 1.1.0)
  - SFUser (0.1.0):
    - R.swift
    - SFBase (~> 0.1.0)
    - SFExtension (~> 0.1.0)
    - SFLogger (~> 0.1.0)
    - SFUI (~> 0.1.0)
  - SnapKit (5.6.0)
  - SnapKitExtend (1.1.0):
    - SnapKit
  - SwiftyBeaver (2.0.0)
  - Then (3.0.0)

DEPENDENCIES:
  - R.swift
  - SFBase (from `../../../Basic/SFBase/`)
  - SFExtension (from `../../../Basic/SFExtension/`)
  - SFLogger (from `../../../Server/SFLogger/`)
  - SFUI (from `../../../UI/SFUI/`)
  - SFUser (from `../../../Business/SFUser/`)

SPEC REPOS:
  https://github.com/CocoaPods/Specs.git:
    - IQKeyboardManagerSwift
    - R.swift
    - Reusable
    - SnapKit
    - SnapKitExtend
    - SwiftyBeaver
    - Then

EXTERNAL SOURCES:
  SFBase:
    :path: "../../../Basic/SFBase/"
  SFExtension:
    :path: "../../../Basic/SFExtension/"
  SFLogger:
    :path: "../../../Server/SFLogger/"
  SFUI:
    :path: "../../../UI/SFUI/"
  SFUser:
    :path: "../../../Business/SFUser/"

SPEC CHECKSUMS:
  IQKeyboardManagerSwift: 12d89768845bb77b55cc092ecc2b1f9370f06b76
  R.swift: 7ad49e349689e783973abbd7ce8d355690b924d1
  Reusable: 6bae6a5e8aa793c9c441db0213c863a64bce9136
  SFBase: 1eba5a746b2470d76b0fec3477288ebea87ebb53
  SFExtension: db5d207c8b9cb15d09d28858aec071d51050f3c5
  SFLogger: 32dc52852844a0ac9243948c00d64e02cc5a680a
  SFUI: 73e685007dc8d78e591ceb1449270539b66c8b12
  SFUser: d4b708afa3ef129545629fbed7757686b1ba2e5f
  SnapKit: e01d52ebb8ddbc333eefe2132acf85c8227d9c25
  SnapKitExtend: aa30cf37196195fae9c4354686cc7710184ebfcc
  SwiftyBeaver: 014b0c12065026b731bac80305294f27d63e27f6
  Then: 844265ae87834bbe1147d91d5d41a404da2ec27d

PODFILE CHECKSUM: 0e7965cb4a5482c56f5453837952a597f04720f0

COCOAPODS: 1.12.1
